
Microsoft Visual Studio Solution File, Format Version 12.00
# Visual Studio Version 17
VisualStudioVersion = 17.3.32811.315
MinimumVisualStudioVersion = 10.0.40219.1
Project("{9A19103F-16F7-4668-BE54-9A1E7A4F7556}") = "Domain", "Domain\Domain.csproj", "{E77917B9-9F30-43CF-81E5-3AD8E7CDCAC6}"
EndProject
Project("{FAE04EC0-301F-11D3-BF4B-00C04F79EFBC}") = "DentystaGabinet.EF", "DentystaGabinet.EF\DentystaGabinet.EF.csproj", "{8DBAC2E6-486B-44E2-954E-7380F477A4FA}"
EndProject
Global
	GlobalSection(SolutionConfigurationPlatforms) = preSolution
		Debug|Any CPU = Debug|Any CPU
		Release|Any CPU = Release|Any CPU
	EndGlobalSection
	GlobalSection(ProjectConfigurationPlatforms) = postSolution
		{E77917B9-9F30-43CF-81E5-3AD8E7CDCAC6}.Debug|Any CPU.ActiveCfg = Debug|Any CPU
		{E77917B9-9F30-43CF-81E5-3AD8E7CDCAC6}.Debug|Any CPU.Build.0 = Debug|Any CPU
		{E77917B9-9F30-43CF-81E5-3AD8E7CDCAC6}.Release|Any CPU.ActiveCfg = Release|Any CPU
		{E77917B9-9F30-43CF-81E5-3AD8E7CDCAC6}.Release|Any CPU.Build.0 = Release|Any CPU
		{8DBAC2E6-486B-44E2-954E-7380F477A4FA}.Debug|Any CPU.ActiveCfg = Debug|Any CPU
		{8DBAC2E6-486B-44E2-954E-7380F477A4FA}.Debug|Any CPU.Build.0 = Debug|Any CPU
		{8DBAC2E6-486B-44E2-954E-7380F477A4FA}.Release|Any CPU.ActiveCfg = Release|Any CPU
		{8DBAC2E6-486B-44E2-954E-7380F477A4FA}.Release|Any CPU.Build.0 = Release|Any CPU
	EndGlobalSection
	GlobalSection(SolutionProperties) = preSolution
		HideSolutionNode = FALSE
	EndGlobalSection
	GlobalSection(ExtensibilityGlobals) = postSolution
		SolutionGuid = {ED156E76-C632-45D5-A365-2677E6D38A58}
	EndGlobalSection
EndGlobal
